// !$*UTF8*$!
{
	archiveVersion = 1;
	classes = {
	};
	objectVersion = 55;
	objects = {

/* Begin PBXBuildFile section */
		5A76DC81287C6641003D6D36 /* AppDelegate.swift in Sources */ = {isa = PBXBuildFile; fileRef = 5A76DC80287C6641003D6D36 /* AppDelegate.swift */; };
		5A76DC85287C6641003D6D36 /* ViewController.swift in Sources */ = {isa = PBXBuildFile; fileRef = 5A76DC84287C6641003D6D36 /* ViewController.swift */; };
		5A76DC88287C6641003D6D36 /* Main.storyboard in Resources */ = {isa = PBXBuildFile; fileRef = 5A76DC86287C6641003D6D36 /* Main.storyboard */; };
		5A76DC8A287C6642003D6D36 /* Assets.xcassets in Resources */ = {isa = PBXBuildFile; fileRef = 5A76DC89287C6642003D6D36 /* Assets.xcassets */; };
		5A76DC8D287C6642003D6D36 /* LaunchScreen.storyboard in Resources */ = {isa = PBXBuildFile; fileRef = 5A76DC8B287C6642003D6D36 /* LaunchScreen.storyboard */; };
		5A918D5D287C6AA0002E896D /* DIContainer.swift in Sources */ = {isa = PBXBuildFile; fileRef = 5A918D5C287C6AA0002E896D /* DIContainer.swift */; };
		5A918D61287C6BF1002E896D /* NavigationHandlerProtocol.swift in Sources */ = {isa = PBXBuildFile; fileRef = 5A918D60287C6BF1002E896D /* NavigationHandlerProtocol.swift */; };
		5A918D63287C6C3C002E896D /* NavigationHandler.swift in Sources */ = {isa = PBXBuildFile; fileRef = 5A918D62287C6C3C002E896D /* NavigationHandler.swift */; };
		C0FF4B2EA30ADB708C44B9D3 /* Pods_Whyeggs.framework in Frameworks */ = {isa = PBXBuildFile; fileRef = 1B9010B362E2AE2D7D8AA8F9 /* Pods_Whyeggs.framework */; };
/* End PBXBuildFile section */

/* Begin PBXFileReference section */
		1B9010B362E2AE2D7D8AA8F9 /* Pods_Whyeggs.framework */ = {isa = PBXFileReference; explicitFileType = wrapper.framework; includeInIndex = 0; path = Pods_Whyeggs.framework; sourceTree = BUILT_PRODUCTS_DIR; };
		40A333D009213134DB92FAE5 /* Pods-Whyeggs.debug.xcconfig */ = {isa = PBXFileReference; includeInIndex = 1; lastKnownFileType = text.xcconfig; name = "Pods-Whyeggs.debug.xcconfig"; path = "Target Support Files/Pods-Whyeggs/Pods-Whyeggs.debug.xcconfig"; sourceTree = "<group>"; };
		5A76DC7D287C6641003D6D36 /* Whyeggs.app */ = {isa = PBXFileReference; explicitFileType = wrapper.application; includeInIndex = 0; path = Whyeggs.app; sourceTree = BUILT_PRODUCTS_DIR; };
		5A76DC80287C6641003D6D36 /* AppDelegate.swift */ = {isa = PBXFileReference; lastKnownFileType = sourcecode.swift; path = AppDelegate.swift; sourceTree = "<group>"; };
		5A76DC84287C6641003D6D36 /* ViewController.swift */ = {isa = PBXFileReference; lastKnownFileType = sourcecode.swift; path = ViewController.swift; sourceTree = "<group>"; };
		5A76DC87287C6641003D6D36 /* Base */ = {isa = PBXFileReference; lastKnownFileType = file.storyboard; name = Base; path = Base.lproj/Main.storyboard; sourceTree = "<group>"; };
		5A76DC89287C6642003D6D36 /* Assets.xcassets */ = {isa = PBXFileReference; lastKnownFileType = folder.assetcatalog; path = Assets.xcassets; sourceTree = "<group>"; };
		5A76DC8C287C6642003D6D36 /* Base */ = {isa = PBXFileReference; lastKnownFileType = file.storyboard; name = Base; path = Base.lproj/LaunchScreen.storyboard; sourceTree = "<group>"; };
		5A76DC8E287C6642003D6D36 /* Info.plist */ = {isa = PBXFileReference; lastKnownFileType = text.plist.xml; path = Info.plist; sourceTree = "<group>"; };
		5A918D5C287C6AA0002E896D /* DIContainer.swift */ = {isa = PBXFileReference; lastKnownFileType = sourcecode.swift; path = DIContainer.swift; sourceTree = "<group>"; };
		5A918D60287C6BF1002E896D /* NavigationHandlerProtocol.swift */ = {isa = PBXFileReference; lastKnownFileType = sourcecode.swift; path = NavigationHandlerProtocol.swift; sourceTree = "<group>"; };
		5A918D62287C6C3C002E896D /* NavigationHandler.swift */ = {isa = PBXFileReference; lastKnownFileType = sourcecode.swift; path = NavigationHandler.swift; sourceTree = "<group>"; };
		5BF213236C77507556E1078C /* Pods-Whyeggs.release.xcconfig */ = {isa = PBXFileReference; includeInIndex = 1; lastKnownFileType = text.xcconfig; name = "Pods-Whyeggs.release.xcconfig"; path = "Target Support Files/Pods-Whyeggs/Pods-Whyeggs.release.xcconfig"; sourceTree = "<group>"; };
/* End PBXFileReference section */

/* Begin PBXFrameworksBuildPhase section */
		5A76DC7A287C6641003D6D36 /* Frameworks */ = {
			isa = PBXFrameworksBuildPhase;
			buildActionMask = 2147483647;
			files = (
				C0FF4B2EA30ADB708C44B9D3 /* Pods_Whyeggs.framework in Frameworks */,
			);
			runOnlyForDeploymentPostprocessing = 0;
		};
/* End PBXFrameworksBuildPhase section */

/* Begin PBXGroup section */
		5A76DC74287C6641003D6D36 = {
			isa = PBXGroup;
			children = (
				5A76DC7F287C6641003D6D36 /* Whyeggs */,
				5A76DC7E287C6641003D6D36 /* Products */,
				7DC766255407CDA530F3C148 /* Pods */,
				9FAF6BABFBD0A5D6BA2BFC45 /* Frameworks */,
			);
			sourceTree = "<group>";
		};
		5A76DC7E287C6641003D6D36 /* Products */ = {
			isa = PBXGroup;
			children = (
				5A76DC7D287C6641003D6D36 /* Whyeggs.app */,
			);
			name = Products;
			sourceTree = "<group>";
		};
		5A76DC7F287C6641003D6D36 /* Whyeggs */ = {
			isa = PBXGroup;
			children = (
				5A918D5E287C6BAF002E896D /* Helper */,
				5A76DC94287C66A9003D6D36 /* DependencyInjection */,
				5A76DC80287C6641003D6D36 /* AppDelegate.swift */,
				5A76DC84287C6641003D6D36 /* ViewController.swift */,
				5A76DC86287C6641003D6D36 /* Main.storyboard */,
				5A76DC89287C6642003D6D36 /* Assets.xcassets */,
				5A76DC8B287C6642003D6D36 /* LaunchScreen.storyboard */,
				5A76DC8E287C6642003D6D36 /* Info.plist */,
			);
			path = Whyeggs;
			sourceTree = "<group>";
		};
		5A76DC94287C66A9003D6D36 /* DependencyInjection */ = {
			isa = PBXGroup;
			children = (
				5A918D5C287C6AA0002E896D /* DIContainer.swift */,
			);
			path = DependencyInjection;
			sourceTree = "<group>";
		};
		5A918D5E287C6BAF002E896D /* Helper */ = {
			isa = PBXGroup;
			children = (
				5A918D5F287C6BC7002E896D /* Handler */,
			);
			path = Helper;
			sourceTree = "<group>";
		};
		5A918D5F287C6BC7002E896D /* Handler */ = {
			isa = PBXGroup;
			children = (
				5A918D60287C6BF1002E896D /* NavigationHandlerProtocol.swift */,
				5A918D62287C6C3C002E896D /* NavigationHandler.swift */,
			);
			path = Handler;
			sourceTree = "<group>";
		};
		7DC766255407CDA530F3C148 /* Pods */ = {
			isa = PBXGroup;
			children = (
				40A333D009213134DB92FAE5 /* Pods-Whyeggs.debug.xcconfig */,
				5BF213236C77507556E1078C /* Pods-Whyeggs.release.xcconfig */,
			);
			path = Pods;
			sourceTree = "<group>";
		};
		9FAF6BABFBD0A5D6BA2BFC45 /* Frameworks */ = {
			isa = PBXGroup;
			children = (
				1B9010B362E2AE2D7D8AA8F9 /* Pods_Whyeggs.framework */,
			);
			name = Frameworks;
			sourceTree = "<group>";
		};
/* End PBXGroup section */

/* Begin PBXNativeTarget section */
		5A76DC7C287C6641003D6D36 /* Whyeggs */ = {
			isa = PBXNativeTarget;
			buildConfigurationList = 5A76DC91287C6642003D6D36 /* Build configuration list for PBXNativeTarget "Whyeggs" */;
			buildPhases = (
				E8037940EF2C67E5275B2F7E /* [CP] Check Pods Manifest.lock */,
				5A76DC79287C6641003D6D36 /* Sources */,
				5A76DC7A287C6641003D6D36 /* Frameworks */,
				5A76DC7B287C6641003D6D36 /* Resources */,
				F32B495E1B09F0A456C75CD5 /* [CP] Embed Pods Frameworks */,
			);
			buildRules = (
			);
			dependencies = (
			);
			name = Whyeggs;
			productName = Whyeggs;
			productReference = 5A76DC7D287C6641003D6D36 /* Whyeggs.app */;
			productType = "com.apple.product-type.application";
		};
/* End PBXNativeTarget section */

/* Begin PBXProject section */
		5A76DC75287C6641003D6D36 /* Project object */ = {
			isa = PBXProject;
			attributes = {
				BuildIndependentTargetsInParallel = 1;
				LastSwiftUpdateCheck = 1340;
				LastUpgradeCheck = 1340;
				TargetAttributes = {
					5A76DC7C287C6641003D6D36 = {
						CreatedOnToolsVersion = 13.4.1;
					};
				};
			};
			buildConfigurationList = 5A76DC78287C6641003D6D36 /* Build configuration list for PBXProject "Whyeggs" */;
			compatibilityVersion = "Xcode 13.0";
			developmentRegion = en;
			hasScannedForEncodings = 0;
			knownRegions = (
				en,
				Base,
			);
			mainGroup = 5A76DC74287C6641003D6D36;
			productRefGroup = 5A76DC7E287C6641003D6D36 /* Products */;
			projectDirPath = "";
			projectRoot = "";
			targets = (
				5A76DC7C287C6641003D6D36 /* Whyeggs */,
			);
		};
/* End PBXProject section */

/* Begin PBXResourcesBuildPhase section */
		5A76DC7B287C6641003D6D36 /* Resources */ = {
			isa = PBXResourcesBuildPhase;
			buildActionMask = 2147483647;
			files = (
				5A76DC8D287C6642003D6D36 /* LaunchScreen.storyboard in Resources */,
				5A76DC8A287C6642003D6D36 /* Assets.xcassets in Resources */,
				5A76DC88287C6641003D6D36 /* Main.storyboard in Resources */,
			);
			runOnlyForDeploymentPostprocessing = 0;
		};
/* End PBXResourcesBuildPhase section */

/* Begin PBXShellScriptBuildPhase section */
		E8037940EF2C67E5275B2F7E /* [CP] Check Pods Manifest.lock */ = {
			isa = PBXShellScriptBuildPhase;
			buildActionMask = 2147483647;
			files = (
			);
			inputFileListPaths = (
			);
			inputPaths = (
				"${PODS_PODFILE_DIR_PATH}/Podfile.lock",
				"${PODS_ROOT}/Manifest.lock",
			);
			name = "[CP] Check Pods Manifest.lock";
			outputFileListPaths = (
			);
			outputPaths = (
				"$(DERIVED_FILE_DIR)/Pods-Whyeggs-checkManifestLockResult.txt",
			);
			runOnlyForDeploymentPostprocessing = 0;
			shellPath = /bin/sh;
			shellScript = "diff \"${PODS_PODFILE_DIR_PATH}/Podfile.lock\" \"${PODS_ROOT}/Manifest.lock\" > /dev/null\nif [ $? != 0 ] ; then\n    # print error to STDERR\n    echo \"error: The sandbox is not in sync with the Podfile.lock. Run 'pod install' or update your CocoaPods installation.\" >&2\n    exit 1\nfi\n# This output is used by Xcode 'outputs' to avoid re-running this script phase.\necho \"SUCCESS\" > \"${SCRIPT_OUTPUT_FILE_0}\"\n";
			showEnvVarsInLog = 0;
		};
		F32B495E1B09F0A456C75CD5 /* [CP] Embed Pods Frameworks */ = {
			isa = PBXShellScriptBuildPhase;
			buildActionMask = 2147483647;
			files = (
			);
			inputFileListPaths = (
				"${PODS_ROOT}/Target Support Files/Pods-Whyeggs/Pods-Whyeggs-frameworks-${CONFIGURATION}-input-files.xcfilelist",
			);
			name = "[CP] Embed Pods Frameworks";
			outputFileListPaths = (
				"${PODS_ROOT}/Target Support Files/Pods-Whyeggs/Pods-Whyeggs-frameworks-${CONFIGURATION}-output-files.xcfilelist",
			);
			runOnlyForDeploymentPostprocessing = 0;
			shellPath = /bin/sh;
			shellScript = "\"${PODS_ROOT}/Target Support Files/Pods-Whyeggs/Pods-Whyeggs-frameworks.sh\"\n";
			showEnvVarsInLog = 0;
		};
/* End PBXShellScriptBuildPhase section */

/* Begin PBXSourcesBuildPhase section */
		5A76DC79287C6641003D6D36 /* Sources */ = {
			isa = PBXSourcesBuildPhase;
			buildActionMask = 2147483647;
			files = (
				5A918D63287C6C3C002E896D /* NavigationHandler.swift in Sources */,
				5A76DC85287C6641003D6D36 /* ViewController.swift in Sources */,
				5A918D5D287C6AA0002E896D /* DIContainer.swift in Sources */,
				5A918D61287C6BF1002E896D /* NavigationHandlerProtocol.swift in Sources */,
				5A76DC81287C6641003D6D36 /* AppDelegate.swift in Sources */,
			);
			runOnlyForDeploymentPostprocessing = 0;
		};
/* End PBXSourcesBuildPhase section */

/* Begin PBXVariantGroup section */
		5A76DC86287C6641003D6D36 /* Main.storyboard */ = {
			isa = PBXVariantGroup;
			children = (
				5A76DC87287C6641003D6D36 /* Base */,
			);
			name = Main.storyboard;
			sourceTree = "<group>";
		};
		5A76DC8B287C6642003D6D36 /* LaunchScreen.storyboard */ = {
			isa = PBXVariantGroup;
			children = (
				5A76DC8C287C6642003D6D36 /* Base */,
			);
			name = LaunchScreen.storyboard;
			sourceTree = "<group>";
		};
/* End PBXVariantGroup section */

/* Begin XCBuildConfiguration section */
		5A76DC8F287C6642003D6D36 /* Debug */ = {
			isa = XCBuildConfiguration;
			buildSettings = {
				ALWAYS_SEARCH_USER_PATHS = NO;
				CLANG_ANALYZER_NONNULL = YES;
				CLANG_ANALYZER_NUMBER_OBJECT_CONVERSION = YES_AGGRESSIVE;
				CLANG_CXX_LANGUAGE_STANDARD = "gnu++17";
				CLANG_ENABLE_MODULES = YES;
				CLANG_ENABLE_OBJC_ARC = YES;
				CLANG_ENABLE_OBJC_WEAK = YES;
				CLANG_WARN_BLOCK_CAPTURE_AUTORELEASING = YES;
				CLANG_WARN_BOOL_CONVERSION = YES;
				CLANG_WARN_COMMA = YES;
				CLANG_WARN_CONSTANT_CONVERSION = YES;
				CLANG_WARN_DEPRECATED_OBJC_IMPLEMENTATIONS = YES;
				CLANG_WARN_DIRECT_OBJC_ISA_USAGE = YES_ERROR;
				CLANG_WARN_DOCUMENTATION_COMMENTS = YES;
				CLANG_WARN_EMPTY_BODY = YES;
				CLANG_WARN_ENUM_CONVERSION = YES;
				CLANG_WARN_INFINITE_RECURSION = YES;
				CLANG_WARN_INT_CONVERSION = YES;
				CLANG_WARN_NON_LITERAL_NULL_CONVERSION = YES;
				CLANG_WARN_OBJC_IMPLICIT_RETAIN_SELF = YES;
				CLANG_WARN_OBJC_LITERAL_CONVERSION = YES;
				CLANG_WARN_OBJC_ROOT_CLASS = YES_ERROR;
				CLANG_WARN_QUOTED_INCLUDE_IN_FRAMEWORK_HEADER = YES;
				CLANG_WARN_RANGE_LOOP_ANALYSIS = YES;
				CLANG_WARN_STRICT_PROTOTYPES = YES;
				CLANG_WARN_SUSPICIOUS_MOVE = YES;
				CLANG_WARN_UNGUARDED_AVAILABILITY = YES_AGGRESSIVE;
				CLANG_WARN_UNREACHABLE_CODE = YES;
				CLANG_WARN__DUPLICATE_METHOD_MATCH = YES;
				COPY_PHASE_STRIP = NO;
				DEBUG_INFORMATION_FORMAT = dwarf;
				ENABLE_STRICT_OBJC_MSGSEND = YES;
				ENABLE_TESTABILITY = YES;
				GCC_C_LANGUAGE_STANDARD = gnu11;
				GCC_DYNAMIC_NO_PIC = NO;
				GCC_NO_COMMON_BLOCKS = YES;
				GCC_OPTIMIZATION_LEVEL = 0;
				GCC_PREPROCESSOR_DEFINITIONS = (
					"DEBUG=1",
					"$(inherited)",
				);
				GCC_WARN_64_TO_32_BIT_CONVERSION = YES;
				GCC_WARN_ABOUT_RETURN_TYPE = YES_ERROR;
				GCC_WARN_UNDECLARED_SELECTOR = YES;
				GCC_WARN_UNINITIALIZED_AUTOS = YES_AGGRESSIVE;
				GCC_WARN_UNUSED_FUNCTION = YES;
				GCC_WARN_UNUSED_VARIABLE = YES;
				IPHONEOS_DEPLOYMENT_TARGET = 15.5;
				MTL_ENABLE_DEBUG_INFO = INCLUDE_SOURCE;
				MTL_FAST_MATH = YES;
				ONLY_ACTIVE_ARCH = YES;
				SDKROOT = iphoneos;
				SWIFT_ACTIVE_COMPILATION_CONDITIONS = DEBUG;
				SWIFT_OPTIMIZATION_LEVEL = "-Onone";
			};
			name = Debug;
		};
		5A76DC90287C6642003D6D36 /* Release */ = {
			isa = XCBuildConfiguration;
			buildSettings = {
				ALWAYS_SEARCH_USER_PATHS = NO;
				CLANG_ANALYZER_NONNULL = YES;
				CLANG_ANALYZER_NUMBER_OBJECT_CONVERSION = YES_AGGRESSIVE;
				CLANG_CXX_LANGUAGE_STANDARD = "gnu++17";
				CLANG_ENABLE_MODULES = YES;
				CLANG_ENABLE_OBJC_ARC = YES;
				CLANG_ENABLE_OBJC_WEAK = YES;
				CLANG_WARN_BLOCK_CAPTURE_AUTORELEASING = YES;
				CLANG_WARN_BOOL_CONVERSION = YES;
				CLANG_WARN_COMMA = YES;
				CLANG_WARN_CONSTANT_CONVERSION = YES;
				CLANG_WARN_DEPRECATED_OBJC_IMPLEMENTATIONS = YES;
				CLANG_WARN_DIRECT_OBJC_ISA_USAGE = YES_ERROR;
				CLANG_WARN_DOCUMENTATION_COMMENTS = YES;
				CLANG_WARN_EMPTY_BODY = YES;
				CLANG_WARN_ENUM_CONVERSION = YES;
				CLANG_WARN_INFINITE_RECURSION = YES;
				CLANG_WARN_INT_CONVERSION = YES;
				CLANG_WARN_NON_LITERAL_NULL_CONVERSION = YES;
				CLANG_WARN_OBJC_IMPLICIT_RETAIN_SELF = YES;
				CLANG_WARN_OBJC_LITERAL_CONVERSION = YES;
				CLANG_WARN_OBJC_ROOT_CLASS = YES_ERROR;
				CLANG_WARN_QUOTED_INCLUDE_IN_FRAMEWORK_HEADER = YES;
				CLANG_WARN_RANGE_LOOP_ANALYSIS = YES;
				CLANG_WARN_STRICT_PROTOTYPES = YES;
				CLANG_WARN_SUSPICIOUS_MOVE = YES;
				CLANG_WARN_UNGUARDED_AVAILABILITY = YES_AGGRESSIVE;
				CLANG_WARN_UNREACHABLE_CODE = YES;
				CLANG_WARN__DUPLICATE_METHOD_MATCH = YES;
				COPY_PHASE_STRIP = NO;
				DEBUG_INFORMATION_FORMAT = "dwarf-with-dsym";
				ENABLE_NS_ASSERTIONS = NO;
				ENABLE_STRICT_OBJC_MSGSEND = YES;
				GCC_C_LANGUAGE_STANDARD = gnu11;
				GCC_NO_COMMON_BLOCKS = YES;
				GCC_WARN_64_TO_32_BIT_CONVERSION = YES;
				GCC_WARN_ABOUT_RETURN_TYPE = YES_ERROR;
				GCC_WARN_UNDECLARED_SELECTOR = YES;
				GCC_WARN_UNINITIALIZED_AUTOS = YES_AGGRESSIVE;
				GCC_WARN_UNUSED_FUNCTION = YES;
				GCC_WARN_UNUSED_VARIABLE = YES;
				IPHONEOS_DEPLOYMENT_TARGET = 15.5;
				MTL_ENABLE_DEBUG_INFO = NO;
				MTL_FAST_MATH = YES;
				SDKROOT = iphoneos;
				SWIFT_COMPILATION_MODE = wholemodule;
				SWIFT_OPTIMIZATION_LEVEL = "-O";
				VALIDATE_PRODUCT = YES;
			};
			name = Release;
		};
		5A76DC92287C6642003D6D36 /* Debug */ = {
			isa = XCBuildConfiguration;
			baseConfigurationReference = 40A333D009213134DB92FAE5 /* Pods-Whyeggs.debug.xcconfig */;
			buildSettings = {
				ASSETCATALOG_COMPILER_APPICON_NAME = AppIcon;
				ASSETCATALOG_COMPILER_GLOBAL_ACCENT_COLOR_NAME = AccentColor;
				CODE_SIGN_STYLE = Automatic;
				CURRENT_PROJECT_VERSION = 1;
				DEVELOPMENT_TEAM = B4V94D6SP8;
				GENERATE_INFOPLIST_FILE = YES;
				INFOPLIST_FILE = Whyeggs/Info.plist;
				INFOPLIST_KEY_UIApplicationSupportsIndirectInputEvents = YES;
				INFOPLIST_KEY_UILaunchStoryboardName = LaunchScreen;
				INFOPLIST_KEY_UISupportedInterfaceOrientations_iPad = "UIInterfaceOrientationPortrait UIInterfaceOrientationPortraitUpsideDown UIInterfaceOrientationLandscapeLeft UIInterfaceOrientationLandscapeRight";
				INFOPLIST_KEY_UISupportedInterfaceOrientations_iPhone = "UIInterfaceOrientationPortrait UIInterfaceOrientationLandscapeLeft UIInterfaceOrientationLandscapeRight";
				IPHONEOS_DEPLOYMENT_TARGET = 9.0;
				LD_RUNPATH_SEARCH_PATHS = (
					"$(inherited)",
					"@executable_path/Frameworks",
				);
				MARKETING_VERSION = 1.0;
				PRODUCT_BUNDLE_IDENTIFIER = com.oneko010.Whyeggs;
				PRODUCT_NAME = "$(TARGET_NAME)";
				SWIFT_EMIT_LOC_STRINGS = YES;
				SWIFT_VERSION = 5.0;
				TARGETED_DEVICE_FAMILY = "1,2";
			};
			name = Debug;
		};
		5A76DC93287C6642003D6D36 /* Release */ = {
			isa = XCBuildConfiguration;
			baseConfigurationReference = 5BF213236C77507556E1078C /* Pods-Whyeggs.release.xcconfig */;
			buildSettings = {
				ASSETCATALOG_COMPILER_APPICON_NAME = AppIcon;
				ASSETCATALOG_COMPILER_GLOBAL_ACCENT_COLOR_NAME = AccentColor;
				CODE_SIGN_STYLE = Automatic;
				CURRENT_PROJECT_VERSION = 1;
				DEVELOPMENT_TEAM = B4V94D6SP8;
				GENERATE_INFOPLIST_FILE = YES;
				INFOPLIST_FILE = Whyeggs/Info.plist;
				INFOPLIST_KEY_UIApplicationSupportsIndirectInputEvents = YES;
				INFOPLIST_KEY_UILaunchStoryboardName = LaunchScreen;
				INFOPLIST_KEY_UISupportedInterfaceOrientations_iPad = "UIInterfaceOrientationPortrait UIInterfaceOrientationPortraitUpsideDown UIInterfaceOrientationLandscapeLeft UIInterfaceOrientationLandscapeRight";
				INFOPLIST_KEY_UISupportedInterfaceOrientations_iPhone = "UIInterfaceOrientationPortrait UIInterfaceOrientationLandscapeLeft UIInterfaceOrientationLandscapeRight";
				IPHONEOS_DEPLOYMENT_TARGET = 9.0;
				LD_RUNPATH_SEARCH_PATHS = (
					"$(inherited)",
					"@executable_path/Frameworks",
				);
				MARKETING_VERSION = 1.0;
				PRODUCT_BUNDLE_IDENTIFIER = com.oneko010.Whyeggs;
				PRODUCT_NAME = "$(TARGET_NAME)";
				SWIFT_EMIT_LOC_STRINGS = YES;
				SWIFT_VERSION = 5.0;
				TARGETED_DEVICE_FAMILY = "1,2";
			};
			name = Release;
		};
/* End XCBuildConfiguration section */

/* Begin XCConfigurationList section */
		5A76DC78287C6641003D6D36 /* Build configuration list for PBXProject "Whyeggs" */ = {
			isa = XCConfigurationList;
			buildConfigurations = (
				5A76DC8F287C6642003D6D36 /* Debug */,
				5A76DC90287C6642003D6D36 /* Release */,
			);
			defaultConfigurationIsVisible = 0;
			defaultConfigurationName = Release;
		};
		5A76DC91287C6642003D6D36 /* Build configuration list for PBXNativeTarget "Whyeggs" */ = {
			isa = XCConfigurationList;
			buildConfigurations = (
				5A76DC92287C6642003D6D36 /* Debug */,
				5A76DC93287C6642003D6D36 /* Release */,
			);
			defaultConfigurationIsVisible = 0;
			defaultConfigurationName = Release;
		};
/* End XCConfigurationList section */
	};
	rootObject = 5A76DC75287C6641003D6D36 /* Project object */;
}
